
Microsoft Visual Studio Solution File, Format Version 12.00
# Visual Studio Version 16
VisualStudioVersion = 16.0.29911.84
MinimumVisualStudioVersion = 10.0.40219.1
Project("{9A19103F-16F7-4668-BE54-9A1E7A4F7556}") = "InterfazConsola", "Ejercicio1\InterfazConsola.csproj", "{6AD282C9-F155-4AC3-966A-06C25969B432}"
EndProject
Project("{9A19103F-16F7-4668-BE54-9A1E7A4F7556}") = "Concesionario", "Consecionario\Concesionario.csproj", "{925D91C1-381D-4596-B9A7-FC3C72C5F918}"
EndProject
Global
	GlobalSection(SolutionConfigurationPlatforms) = preSolution
		Debug|Any CPU = Debug|Any CPU
		Release|Any CPU = Release|Any CPU
	EndGlobalSection
	GlobalSection(ProjectConfigurationPlatforms) = postSolution
		{6AD282C9-F155-4AC3-966A-06C25969B432}.Debug|Any CPU.ActiveCfg = Debug|Any CPU
		{6AD282C9-F155-4AC3-966A-06C25969B432}.Debug|Any CPU.Build.0 = Debug|Any CPU
		{6AD282C9-F155-4AC3-966A-06C25969B432}.Release|Any CPU.ActiveCfg = Release|Any CPU
		{6AD282C9-F155-4AC3-966A-06C25969B432}.Release|Any CPU.Build.0 = Release|Any CPU
		{925D91C1-381D-4596-B9A7-FC3C72C5F918}.Debug|Any CPU.ActiveCfg = Debug|Any CPU
		{925D91C1-381D-4596-B9A7-FC3C72C5F918}.Debug|Any CPU.Build.0 = Debug|Any CPU
		{925D91C1-381D-4596-B9A7-FC3C72C5F918}.Release|Any CPU.ActiveCfg = Release|Any CPU
		{925D91C1-381D-4596-B9A7-FC3C72C5F918}.Release|Any CPU.Build.0 = Release|Any CPU
	EndGlobalSection
	GlobalSection(SolutionProperties) = preSolution
		HideSolutionNode = FALSE
	EndGlobalSection
	GlobalSection(ExtensibilityGlobals) = postSolution
		SolutionGuid = {0DC170C9-F677-497A-957F-50E341F8D78D}
	EndGlobalSection
EndGlobal
